<?xml version="1.0" encoding="utf-8"?>
<Project ToolsVersion="17.0" xmlns="http://schemas.microsoft.com/developer/msbuild/2003">
  <ItemGroup>
    <ClCompile Include="D:\Dev\1Project\Bee\Tests\cuKernels\CUDAKernelTests.cpp" />
  </ItemGroup>
  <ItemGroup>
    <CudaCompile Include="..\..\..\Tests\cuKernels\KernelOpsTests.cu">
      <Filter>Source Files</Filter>
    </CudaCompile>
  </ItemGroup>
  <ItemGroup>
    <CustomBuild Include="D:\Dev\1Project\Bee\Tests\cuKernels\CMakeLists.txt" />
  </ItemGroup>
  <ItemGroup>
    <Filter Include="Source Files">
      <UniqueIdentifier>{71244239-C33F-39CF-B7AF-C881EDB97B32}</UniqueIdentifier>
    </Filter>
  </ItemGroup>
</Project>
