<?xml version="1.0" encoding="utf-8"?>
<Project ToolsVersion="17.0" xmlns="http://schemas.microsoft.com/developer/msbuild/2003">
  <ItemGroup>
    <ClCompile Include="D:\Dev\1Project\Bee\Tests\Base\BaseTests.cpp" />
    <ClCompile Include="D:\Dev\1Project\Bee\Tests\Base\BaseUtilsTests.cpp" />
    <ClCompile Include="D:\Dev\1Project\Bee\Tests\Base\CheckTests.cpp" />
    <ClCompile Include="D:\Dev\1Project\Bee\Tests\Base\ErrorTests.cpp" />
    <ClCompile Include="D:\Dev\1Project\Bee\Tests\Base\EnumTests.cpp" />
    <ClCompile Include="D:\Dev\1Project\Bee\Tests\Base\EventCountTests.cpp" />
    <ClCompile Include="D:\Dev\1Project\Bee\Tests\Base\HashTests.cpp" />
    <ClCompile Include="D:\Dev\1Project\Bee\Tests\Base\InlineStringTests.cpp" />
    <ClCompile Include="D:\Dev\1Project\Bee\Tests\Base\LogTests.cpp" />
    <ClCompile Include="D:\Dev\1Project\Bee\Tests\Base\MoveOnlyFunctionTests.cpp" />
    <ClCompile Include="D:\Dev\1Project\Bee\Tests\Base\NameofTests.cpp" />
    <ClCompile Include="D:\Dev\1Project\Bee\Tests\Base\NumericTests.cpp" />
    <ClCompile Include="D:\Dev\1Project\Bee\Tests\Base\VerifyTests.cpp" />
  </ItemGroup>
  <ItemGroup>
    <CustomBuild Include="D:\Dev\1Project\Bee\Tests\Base\CMakeLists.txt" />
  </ItemGroup>
  <ItemGroup>
  </ItemGroup>
</Project>
