<?xml version="1.0" encoding="utf-8"?>
<Project ToolsVersion="17.0" xmlns="http://schemas.microsoft.com/developer/msbuild/2003">
  <ItemGroup>
    <CustomBuild Include="D:\Dev\1Project\Bee\build_test\CMakeFiles\e1dc66843b95bbfa207faea94c9ea277\NightlyMemoryCheck.rule">
      <Filter>CMake Rules</Filter>
    </CustomBuild>
    <CustomBuild Include="D:\Dev\1Project\Bee\Tests\CMakeLists.txt" />
  </ItemGroup>
  <ItemGroup>
    <None Include="D:\Dev\1Project\Bee\build_test\Tests\CMakeFiles\NightlyMemoryCheck" />
  </ItemGroup>
  <ItemGroup>
    <Filter Include="CMake Rules">
      <UniqueIdentifier>{B1B315EA-2567-3771-B960-073041DF903B}</UniqueIdentifier>
    </Filter>
  </ItemGroup>
</Project>
