
Microsoft Visual Studio Solution File, Format Version 12.00
# Visual Studio Version 17
Project("{2150E333-8FDC-42A3-9474-1A3956D46DE8}") = "Bee", "Bee", "{A4B74ECA-B331-3DD3-837A-0EB618B6D639}"
EndProject
Project("{2150E333-8FDC-42A3-9474-1A3956D46DE8}") = "CMakePredefinedTargets", "CMakePredefinedTargets", "{FCB3BCBF-36F0-3B28-8B15-CBCA6B105B7C}"
EndProject
Project("{2150E333-8FDC-42A3-9474-1A3956D46DE8}") = "CTestDashboardTargets", "CTestDashboardTargets", "{B88F943D-C0D7-3A0F-ABA9-4A3F1B330A8B}"
EndProject
Project("{2150E333-8FDC-42A3-9474-1A3956D46DE8}") = "tests", "tests", "{04548A41-062A-38FB-B2B0-B6696A48E941}"
EndProject
Project("{8BC9CEB8-8B4A-11D0-8D11-00A0C91BC942}") = "ALL_BUILD", "ALL_BUILD.vcxproj", "{DE66CD58-25F1-34E5-A761-427CE2B57D14}"
	ProjectSection(ProjectDependencies) = postProject
		{20957F3D-BF03-33F5-8982-1CEE9A487D80} = {20957F3D-BF03-33F5-8982-1CEE9A487D80}
		{CBD9C69A-B182-3867-A4BC-11493F7B881A} = {CBD9C69A-B182-3867-A4BC-11493F7B881A}
		{0EA7CDEA-17E7-3FC7-AE44-4ED316EBD72F} = {0EA7CDEA-17E7-3FC7-AE44-4ED316EBD72F}
		{8FC95B26-0A42-361F-8A23-920F537C3F13} = {8FC95B26-0A42-361F-8A23-920F537C3F13}
		{E5ED3E61-EEA9-3EE3-8E00-7CE489CCD306} = {E5ED3E61-EEA9-3EE3-8E00-7CE489CCD306}
		{0DAF1F73-B0F0-31A4-857B-C5289D3EE865} = {0DAF1F73-B0F0-31A4-857B-C5289D3EE865}
		{5BC279FC-3AC7-33AD-BF16-85AC65DDF8A1} = {5BC279FC-3AC7-33AD-BF16-85AC65DDF8A1}
		{20EC4283-6FA0-354E-9F86-84104E97209D} = {20EC4283-6FA0-354E-9F86-84104E97209D}
		{F2BE9B2E-60EE-3BB2-97B2-01440691F17C} = {F2BE9B2E-60EE-3BB2-97B2-01440691F17C}
		{452F620F-B29F-306B-A297-9C8B6B80ED25} = {452F620F-B29F-306B-A297-9C8B6B80ED25}
		{06B24599-8F07-383B-AE47-FF23E20A4099} = {06B24599-8F07-383B-AE47-FF23E20A4099}
		{2C99D540-0B91-3DF7-A32A-992F2FC7B70E} = {2C99D540-0B91-3DF7-A32A-992F2FC7B70E}
		{77F44CBE-F9A1-35A0-828D-4B1B5000FD37} = {77F44CBE-F9A1-35A0-828D-4B1B5000FD37}
		{F8BD35A8-610C-3A51-8B3B-3AA4A6530B54} = {F8BD35A8-610C-3A51-8B3B-3AA4A6530B54}
	EndProjectSection
EndProject
Project("{8BC9CEB8-8B4A-11D0-8D11-00A0C91BC942}") = "Base", "Bee\Base\Base.vcxproj", "{20957F3D-BF03-33F5-8982-1CEE9A487D80}"
	ProjectSection(ProjectDependencies) = postProject
		{2C99D540-0B91-3DF7-A32A-992F2FC7B70E} = {2C99D540-0B91-3DF7-A32A-992F2FC7B70E}
	EndProjectSection
EndProject
Project("{8BC9CEB8-8B4A-11D0-8D11-00A0C91BC942}") = "Base.Tests", "Tests\Base\Base.Tests.vcxproj", "{CBD9C69A-B182-3867-A4BC-11493F7B881A}"
	ProjectSection(ProjectDependencies) = postProject
		{20957F3D-BF03-33F5-8982-1CEE9A487D80} = {20957F3D-BF03-33F5-8982-1CEE9A487D80}
		{2C99D540-0B91-3DF7-A32A-992F2FC7B70E} = {2C99D540-0B91-3DF7-A32A-992F2FC7B70E}
	EndProjectSection
EndProject
Project("{8BC9CEB8-8B4A-11D0-8D11-00A0C91BC942}") = "Concurrency", "Bee\Concurrency\Concurrency.vcxproj", "{0EA7CDEA-17E7-3FC7-AE44-4ED316EBD72F}"
	ProjectSection(ProjectDependencies) = postProject
		{20957F3D-BF03-33F5-8982-1CEE9A487D80} = {20957F3D-BF03-33F5-8982-1CEE9A487D80}
		{2C99D540-0B91-3DF7-A32A-992F2FC7B70E} = {2C99D540-0B91-3DF7-A32A-992F2FC7B70E}
	EndProjectSection
EndProject
Project("{8BC9CEB8-8B4A-11D0-8D11-00A0C91BC942}") = "Concurrency.Tests", "Tests\Concurrency\Concurrency.Tests.vcxproj", "{8FC95B26-0A42-361F-8A23-920F537C3F13}"
	ProjectSection(ProjectDependencies) = postProject
		{20957F3D-BF03-33F5-8982-1CEE9A487D80} = {20957F3D-BF03-33F5-8982-1CEE9A487D80}
		{0EA7CDEA-17E7-3FC7-AE44-4ED316EBD72F} = {0EA7CDEA-17E7-3FC7-AE44-4ED316EBD72F}
		{2C99D540-0B91-3DF7-A32A-992F2FC7B70E} = {2C99D540-0B91-3DF7-A32A-992F2FC7B70E}
	EndProjectSection
EndProject
Project("{8BC9CEB8-8B4A-11D0-8D11-00A0C91BC942}") = "Continuous", "Tests\Continuous.vcxproj", "{677BD7F6-897D-3618-B74D-37134A2AF221}"
	ProjectSection(ProjectDependencies) = postProject
		{2C99D540-0B91-3DF7-A32A-992F2FC7B70E} = {2C99D540-0B91-3DF7-A32A-992F2FC7B70E}
	EndProjectSection
EndProject
Project("{8BC9CEB8-8B4A-11D0-8D11-00A0C91BC942}") = "DataStructure", "Bee\DataStructure\DataStructure.vcxproj", "{E5ED3E61-EEA9-3EE3-8E00-7CE489CCD306}"
	ProjectSection(ProjectDependencies) = postProject
		{20957F3D-BF03-33F5-8982-1CEE9A487D80} = {20957F3D-BF03-33F5-8982-1CEE9A487D80}
		{2C99D540-0B91-3DF7-A32A-992F2FC7B70E} = {2C99D540-0B91-3DF7-A32A-992F2FC7B70E}
	EndProjectSection
EndProject
Project("{8BC9CEB8-8B4A-11D0-8D11-00A0C91BC942}") = "DataStructure.Tests", "Tests\DataStructure\DataStructure.Tests.vcxproj", "{0DAF1F73-B0F0-31A4-857B-C5289D3EE865}"
	ProjectSection(ProjectDependencies) = postProject
		{20957F3D-BF03-33F5-8982-1CEE9A487D80} = {20957F3D-BF03-33F5-8982-1CEE9A487D80}
		{E5ED3E61-EEA9-3EE3-8E00-7CE489CCD306} = {E5ED3E61-EEA9-3EE3-8E00-7CE489CCD306}
		{2C99D540-0B91-3DF7-A32A-992F2FC7B70E} = {2C99D540-0B91-3DF7-A32A-992F2FC7B70E}
	EndProjectSection
EndProject
Project("{8BC9CEB8-8B4A-11D0-8D11-00A0C91BC942}") = "Event.Tests", "Tests\Event\Event.Tests.vcxproj", "{5BC279FC-3AC7-33AD-BF16-85AC65DDF8A1}"
	ProjectSection(ProjectDependencies) = postProject
		{20957F3D-BF03-33F5-8982-1CEE9A487D80} = {20957F3D-BF03-33F5-8982-1CEE9A487D80}
		{0EA7CDEA-17E7-3FC7-AE44-4ED316EBD72F} = {0EA7CDEA-17E7-3FC7-AE44-4ED316EBD72F}
		{2C99D540-0B91-3DF7-A32A-992F2FC7B70E} = {2C99D540-0B91-3DF7-A32A-992F2FC7B70E}
	EndProjectSection
EndProject
Project("{8BC9CEB8-8B4A-11D0-8D11-00A0C91BC942}") = "Experimental", "Tests\Experimental.vcxproj", "{2C6E6892-B103-35A3-B34D-4E65CE0E0CFB}"
	ProjectSection(ProjectDependencies) = postProject
		{2C99D540-0B91-3DF7-A32A-992F2FC7B70E} = {2C99D540-0B91-3DF7-A32A-992F2FC7B70E}
	EndProjectSection
EndProject
Project("{8BC9CEB8-8B4A-11D0-8D11-00A0C91BC942}") = "Math.Tests", "Tests\Math\Math.Tests.vcxproj", "{20EC4283-6FA0-354E-9F86-84104E97209D}"
	ProjectSection(ProjectDependencies) = postProject
		{2C99D540-0B91-3DF7-A32A-992F2FC7B70E} = {2C99D540-0B91-3DF7-A32A-992F2FC7B70E}
	EndProjectSection
EndProject
Project("{8BC9CEB8-8B4A-11D0-8D11-00A0C91BC942}") = "Nightly", "Tests\Nightly.vcxproj", "{CAA34B22-FA3A-35AF-BAEF-C623E7AF461F}"
	ProjectSection(ProjectDependencies) = postProject
		{2C99D540-0B91-3DF7-A32A-992F2FC7B70E} = {2C99D540-0B91-3DF7-A32A-992F2FC7B70E}
	EndProjectSection
EndProject
Project("{8BC9CEB8-8B4A-11D0-8D11-00A0C91BC942}") = "NightlyMemoryCheck", "Tests\NightlyMemoryCheck.vcxproj", "{968AC264-5F1B-3247-B04E-18418C95B98B}"
	ProjectSection(ProjectDependencies) = postProject
		{2C99D540-0B91-3DF7-A32A-992F2FC7B70E} = {2C99D540-0B91-3DF7-A32A-992F2FC7B70E}
	EndProjectSection
EndProject
Project("{8BC9CEB8-8B4A-11D0-8D11-00A0C91BC942}") = "Task.Tests", "Tests\Task\Task.Tests.vcxproj", "{F2BE9B2E-60EE-3BB2-97B2-01440691F17C}"
	ProjectSection(ProjectDependencies) = postProject
		{20957F3D-BF03-33F5-8982-1CEE9A487D80} = {20957F3D-BF03-33F5-8982-1CEE9A487D80}
		{0EA7CDEA-17E7-3FC7-AE44-4ED316EBD72F} = {0EA7CDEA-17E7-3FC7-AE44-4ED316EBD72F}
		{2C99D540-0B91-3DF7-A32A-992F2FC7B70E} = {2C99D540-0B91-3DF7-A32A-992F2FC7B70E}
	EndProjectSection
EndProject
Project("{8BC9CEB8-8B4A-11D0-8D11-00A0C91BC942}") = "Tensor", "Bee\Tensor\Tensor.vcxproj", "{452F620F-B29F-306B-A297-9C8B6B80ED25}"
	ProjectSection(ProjectDependencies) = postProject
		{20957F3D-BF03-33F5-8982-1CEE9A487D80} = {20957F3D-BF03-33F5-8982-1CEE9A487D80}
		{0EA7CDEA-17E7-3FC7-AE44-4ED316EBD72F} = {0EA7CDEA-17E7-3FC7-AE44-4ED316EBD72F}
		{2C99D540-0B91-3DF7-A32A-992F2FC7B70E} = {2C99D540-0B91-3DF7-A32A-992F2FC7B70E}
	EndProjectSection
EndProject
Project("{8BC9CEB8-8B4A-11D0-8D11-00A0C91BC942}") = "Tensor.Tests", "Tests\Tensor\Tensor.Tests.vcxproj", "{06B24599-8F07-383B-AE47-FF23E20A4099}"
	ProjectSection(ProjectDependencies) = postProject
		{20957F3D-BF03-33F5-8982-1CEE9A487D80} = {20957F3D-BF03-33F5-8982-1CEE9A487D80}
		{0EA7CDEA-17E7-3FC7-AE44-4ED316EBD72F} = {0EA7CDEA-17E7-3FC7-AE44-4ED316EBD72F}
		{452F620F-B29F-306B-A297-9C8B6B80ED25} = {452F620F-B29F-306B-A297-9C8B6B80ED25}
		{2C99D540-0B91-3DF7-A32A-992F2FC7B70E} = {2C99D540-0B91-3DF7-A32A-992F2FC7B70E}
	EndProjectSection
EndProject
Project("{8BC9CEB8-8B4A-11D0-8D11-00A0C91BC942}") = "ZERO_CHECK", "ZERO_CHECK.vcxproj", "{2C99D540-0B91-3DF7-A32A-992F2FC7B70E}"
	ProjectSection(ProjectDependencies) = postProject
	EndProjectSection
EndProject
Project("{8BC9CEB8-8B4A-11D0-8D11-00A0C91BC942}") = "cuKernels", "Bee\cuKernels\cuKernels.vcxproj", "{77F44CBE-F9A1-35A0-828D-4B1B5000FD37}"
	ProjectSection(ProjectDependencies) = postProject
		{20957F3D-BF03-33F5-8982-1CEE9A487D80} = {20957F3D-BF03-33F5-8982-1CEE9A487D80}
		{2C99D540-0B91-3DF7-A32A-992F2FC7B70E} = {2C99D540-0B91-3DF7-A32A-992F2FC7B70E}
	EndProjectSection
EndProject
Project("{8BC9CEB8-8B4A-11D0-8D11-00A0C91BC942}") = "cuKernels.Tests", "Tests\cuKernels\cuKernels.Tests.vcxproj", "{F8BD35A8-610C-3A51-8B3B-3AA4A6530B54}"
	ProjectSection(ProjectDependencies) = postProject
		{20957F3D-BF03-33F5-8982-1CEE9A487D80} = {20957F3D-BF03-33F5-8982-1CEE9A487D80}
		{2C99D540-0B91-3DF7-A32A-992F2FC7B70E} = {2C99D540-0B91-3DF7-A32A-992F2FC7B70E}
		{77F44CBE-F9A1-35A0-828D-4B1B5000FD37} = {77F44CBE-F9A1-35A0-828D-4B1B5000FD37}
	EndProjectSection
EndProject
Global
	GlobalSection(SolutionConfigurationPlatforms) = preSolution
		Debug|x64 = Debug|x64
		Release|x64 = Release|x64
		MinSizeRel|x64 = MinSizeRel|x64
		RelWithDebInfo|x64 = RelWithDebInfo|x64
	EndGlobalSection
	GlobalSection(ProjectConfigurationPlatforms) = postSolution
		{DE66CD58-25F1-34E5-A761-427CE2B57D14}.Debug|x64.ActiveCfg = Debug|x64
		{DE66CD58-25F1-34E5-A761-427CE2B57D14}.Release|x64.ActiveCfg = Release|x64
		{DE66CD58-25F1-34E5-A761-427CE2B57D14}.MinSizeRel|x64.ActiveCfg = MinSizeRel|x64
		{DE66CD58-25F1-34E5-A761-427CE2B57D14}.RelWithDebInfo|x64.ActiveCfg = RelWithDebInfo|x64
		{20957F3D-BF03-33F5-8982-1CEE9A487D80}.Debug|x64.ActiveCfg = Debug|x64
		{20957F3D-BF03-33F5-8982-1CEE9A487D80}.Debug|x64.Build.0 = Debug|x64
		{20957F3D-BF03-33F5-8982-1CEE9A487D80}.Release|x64.ActiveCfg = Release|x64
		{20957F3D-BF03-33F5-8982-1CEE9A487D80}.Release|x64.Build.0 = Release|x64
		{20957F3D-BF03-33F5-8982-1CEE9A487D80}.MinSizeRel|x64.ActiveCfg = MinSizeRel|x64
		{20957F3D-BF03-33F5-8982-1CEE9A487D80}.MinSizeRel|x64.Build.0 = MinSizeRel|x64
		{20957F3D-BF03-33F5-8982-1CEE9A487D80}.RelWithDebInfo|x64.ActiveCfg = RelWithDebInfo|x64
		{20957F3D-BF03-33F5-8982-1CEE9A487D80}.RelWithDebInfo|x64.Build.0 = RelWithDebInfo|x64
		{CBD9C69A-B182-3867-A4BC-11493F7B881A}.Debug|x64.ActiveCfg = Debug|x64
		{CBD9C69A-B182-3867-A4BC-11493F7B881A}.Debug|x64.Build.0 = Debug|x64
		{CBD9C69A-B182-3867-A4BC-11493F7B881A}.Release|x64.ActiveCfg = Release|x64
		{CBD9C69A-B182-3867-A4BC-11493F7B881A}.Release|x64.Build.0 = Release|x64
		{CBD9C69A-B182-3867-A4BC-11493F7B881A}.MinSizeRel|x64.ActiveCfg = MinSizeRel|x64
		{CBD9C69A-B182-3867-A4BC-11493F7B881A}.MinSizeRel|x64.Build.0 = MinSizeRel|x64
		{CBD9C69A-B182-3867-A4BC-11493F7B881A}.RelWithDebInfo|x64.ActiveCfg = RelWithDebInfo|x64
		{CBD9C69A-B182-3867-A4BC-11493F7B881A}.RelWithDebInfo|x64.Build.0 = RelWithDebInfo|x64
		{0EA7CDEA-17E7-3FC7-AE44-4ED316EBD72F}.Debug|x64.ActiveCfg = Debug|x64
		{0EA7CDEA-17E7-3FC7-AE44-4ED316EBD72F}.Debug|x64.Build.0 = Debug|x64
		{0EA7CDEA-17E7-3FC7-AE44-4ED316EBD72F}.Release|x64.ActiveCfg = Release|x64
		{0EA7CDEA-17E7-3FC7-AE44-4ED316EBD72F}.Release|x64.Build.0 = Release|x64
		{0EA7CDEA-17E7-3FC7-AE44-4ED316EBD72F}.MinSizeRel|x64.ActiveCfg = MinSizeRel|x64
		{0EA7CDEA-17E7-3FC7-AE44-4ED316EBD72F}.MinSizeRel|x64.Build.0 = MinSizeRel|x64
		{0EA7CDEA-17E7-3FC7-AE44-4ED316EBD72F}.RelWithDebInfo|x64.ActiveCfg = RelWithDebInfo|x64
		{0EA7CDEA-17E7-3FC7-AE44-4ED316EBD72F}.RelWithDebInfo|x64.Build.0 = RelWithDebInfo|x64
		{8FC95B26-0A42-361F-8A23-920F537C3F13}.Debug|x64.ActiveCfg = Debug|x64
		{8FC95B26-0A42-361F-8A23-920F537C3F13}.Debug|x64.Build.0 = Debug|x64
		{8FC95B26-0A42-361F-8A23-920F537C3F13}.Release|x64.ActiveCfg = Release|x64
		{8FC95B26-0A42-361F-8A23-920F537C3F13}.Release|x64.Build.0 = Release|x64
		{8FC95B26-0A42-361F-8A23-920F537C3F13}.MinSizeRel|x64.ActiveCfg = MinSizeRel|x64
		{8FC95B26-0A42-361F-8A23-920F537C3F13}.MinSizeRel|x64.Build.0 = MinSizeRel|x64
		{8FC95B26-0A42-361F-8A23-920F537C3F13}.RelWithDebInfo|x64.ActiveCfg = RelWithDebInfo|x64
		{8FC95B26-0A42-361F-8A23-920F537C3F13}.RelWithDebInfo|x64.Build.0 = RelWithDebInfo|x64
		{677BD7F6-897D-3618-B74D-37134A2AF221}.Debug|x64.ActiveCfg = Debug|x64
		{677BD7F6-897D-3618-B74D-37134A2AF221}.Release|x64.ActiveCfg = Release|x64
		{677BD7F6-897D-3618-B74D-37134A2AF221}.MinSizeRel|x64.ActiveCfg = MinSizeRel|x64
		{677BD7F6-897D-3618-B74D-37134A2AF221}.RelWithDebInfo|x64.ActiveCfg = RelWithDebInfo|x64
		{E5ED3E61-EEA9-3EE3-8E00-7CE489CCD306}.Debug|x64.ActiveCfg = Debug|x64
		{E5ED3E61-EEA9-3EE3-8E00-7CE489CCD306}.Debug|x64.Build.0 = Debug|x64
		{E5ED3E61-EEA9-3EE3-8E00-7CE489CCD306}.Release|x64.ActiveCfg = Release|x64
		{E5ED3E61-EEA9-3EE3-8E00-7CE489CCD306}.Release|x64.Build.0 = Release|x64
		{E5ED3E61-EEA9-3EE3-8E00-7CE489CCD306}.MinSizeRel|x64.ActiveCfg = MinSizeRel|x64
		{E5ED3E61-EEA9-3EE3-8E00-7CE489CCD306}.MinSizeRel|x64.Build.0 = MinSizeRel|x64
		{E5ED3E61-EEA9-3EE3-8E00-7CE489CCD306}.RelWithDebInfo|x64.ActiveCfg = RelWithDebInfo|x64
		{E5ED3E61-EEA9-3EE3-8E00-7CE489CCD306}.RelWithDebInfo|x64.Build.0 = RelWithDebInfo|x64
		{0DAF1F73-B0F0-31A4-857B-C5289D3EE865}.Debug|x64.ActiveCfg = Debug|x64
		{0DAF1F73-B0F0-31A4-857B-C5289D3EE865}.Debug|x64.Build.0 = Debug|x64
		{0DAF1F73-B0F0-31A4-857B-C5289D3EE865}.Release|x64.ActiveCfg = Release|x64
		{0DAF1F73-B0F0-31A4-857B-C5289D3EE865}.Release|x64.Build.0 = Release|x64
		{0DAF1F73-B0F0-31A4-857B-C5289D3EE865}.MinSizeRel|x64.ActiveCfg = MinSizeRel|x64
		{0DAF1F73-B0F0-31A4-857B-C5289D3EE865}.MinSizeRel|x64.Build.0 = MinSizeRel|x64
		{0DAF1F73-B0F0-31A4-857B-C5289D3EE865}.RelWithDebInfo|x64.ActiveCfg = RelWithDebInfo|x64
		{0DAF1F73-B0F0-31A4-857B-C5289D3EE865}.RelWithDebInfo|x64.Build.0 = RelWithDebInfo|x64
		{5BC279FC-3AC7-33AD-BF16-85AC65DDF8A1}.Debug|x64.ActiveCfg = Debug|x64
		{5BC279FC-3AC7-33AD-BF16-85AC65DDF8A1}.Debug|x64.Build.0 = Debug|x64
		{5BC279FC-3AC7-33AD-BF16-85AC65DDF8A1}.Release|x64.ActiveCfg = Release|x64
		{5BC279FC-3AC7-33AD-BF16-85AC65DDF8A1}.Release|x64.Build.0 = Release|x64
		{5BC279FC-3AC7-33AD-BF16-85AC65DDF8A1}.MinSizeRel|x64.ActiveCfg = MinSizeRel|x64
		{5BC279FC-3AC7-33AD-BF16-85AC65DDF8A1}.MinSizeRel|x64.Build.0 = MinSizeRel|x64
		{5BC279FC-3AC7-33AD-BF16-85AC65DDF8A1}.RelWithDebInfo|x64.ActiveCfg = RelWithDebInfo|x64
		{5BC279FC-3AC7-33AD-BF16-85AC65DDF8A1}.RelWithDebInfo|x64.Build.0 = RelWithDebInfo|x64
		{2C6E6892-B103-35A3-B34D-4E65CE0E0CFB}.Debug|x64.ActiveCfg = Debug|x64
		{2C6E6892-B103-35A3-B34D-4E65CE0E0CFB}.Release|x64.ActiveCfg = Release|x64
		{2C6E6892-B103-35A3-B34D-4E65CE0E0CFB}.MinSizeRel|x64.ActiveCfg = MinSizeRel|x64
		{2C6E6892-B103-35A3-B34D-4E65CE0E0CFB}.RelWithDebInfo|x64.ActiveCfg = RelWithDebInfo|x64
		{20EC4283-6FA0-354E-9F86-84104E97209D}.Debug|x64.ActiveCfg = Debug|x64
		{20EC4283-6FA0-354E-9F86-84104E97209D}.Debug|x64.Build.0 = Debug|x64
		{20EC4283-6FA0-354E-9F86-84104E97209D}.Release|x64.ActiveCfg = Release|x64
		{20EC4283-6FA0-354E-9F86-84104E97209D}.Release|x64.Build.0 = Release|x64
		{20EC4283-6FA0-354E-9F86-84104E97209D}.MinSizeRel|x64.ActiveCfg = MinSizeRel|x64
		{20EC4283-6FA0-354E-9F86-84104E97209D}.MinSizeRel|x64.Build.0 = MinSizeRel|x64
		{20EC4283-6FA0-354E-9F86-84104E97209D}.RelWithDebInfo|x64.ActiveCfg = RelWithDebInfo|x64
		{20EC4283-6FA0-354E-9F86-84104E97209D}.RelWithDebInfo|x64.Build.0 = RelWithDebInfo|x64
		{CAA34B22-FA3A-35AF-BAEF-C623E7AF461F}.Debug|x64.ActiveCfg = Debug|x64
		{CAA34B22-FA3A-35AF-BAEF-C623E7AF461F}.Release|x64.ActiveCfg = Release|x64
		{CAA34B22-FA3A-35AF-BAEF-C623E7AF461F}.MinSizeRel|x64.ActiveCfg = MinSizeRel|x64
		{CAA34B22-FA3A-35AF-BAEF-C623E7AF461F}.RelWithDebInfo|x64.ActiveCfg = RelWithDebInfo|x64
		{968AC264-5F1B-3247-B04E-18418C95B98B}.Debug|x64.ActiveCfg = Debug|x64
		{968AC264-5F1B-3247-B04E-18418C95B98B}.Release|x64.ActiveCfg = Release|x64
		{968AC264-5F1B-3247-B04E-18418C95B98B}.MinSizeRel|x64.ActiveCfg = MinSizeRel|x64
		{968AC264-5F1B-3247-B04E-18418C95B98B}.RelWithDebInfo|x64.ActiveCfg = RelWithDebInfo|x64
		{F2BE9B2E-60EE-3BB2-97B2-01440691F17C}.Debug|x64.ActiveCfg = Debug|x64
		{F2BE9B2E-60EE-3BB2-97B2-01440691F17C}.Debug|x64.Build.0 = Debug|x64
		{F2BE9B2E-60EE-3BB2-97B2-01440691F17C}.Release|x64.ActiveCfg = Release|x64
		{F2BE9B2E-60EE-3BB2-97B2-01440691F17C}.Release|x64.Build.0 = Release|x64
		{F2BE9B2E-60EE-3BB2-97B2-01440691F17C}.MinSizeRel|x64.ActiveCfg = MinSizeRel|x64
		{F2BE9B2E-60EE-3BB2-97B2-01440691F17C}.MinSizeRel|x64.Build.0 = MinSizeRel|x64
		{F2BE9B2E-60EE-3BB2-97B2-01440691F17C}.RelWithDebInfo|x64.ActiveCfg = RelWithDebInfo|x64
		{F2BE9B2E-60EE-3BB2-97B2-01440691F17C}.RelWithDebInfo|x64.Build.0 = RelWithDebInfo|x64
		{452F620F-B29F-306B-A297-9C8B6B80ED25}.Debug|x64.ActiveCfg = Debug|x64
		{452F620F-B29F-306B-A297-9C8B6B80ED25}.Debug|x64.Build.0 = Debug|x64
		{452F620F-B29F-306B-A297-9C8B6B80ED25}.Release|x64.ActiveCfg = Release|x64
		{452F620F-B29F-306B-A297-9C8B6B80ED25}.Release|x64.Build.0 = Release|x64
		{452F620F-B29F-306B-A297-9C8B6B80ED25}.MinSizeRel|x64.ActiveCfg = MinSizeRel|x64
		{452F620F-B29F-306B-A297-9C8B6B80ED25}.MinSizeRel|x64.Build.0 = MinSizeRel|x64
		{452F620F-B29F-306B-A297-9C8B6B80ED25}.RelWithDebInfo|x64.ActiveCfg = RelWithDebInfo|x64
		{452F620F-B29F-306B-A297-9C8B6B80ED25}.RelWithDebInfo|x64.Build.0 = RelWithDebInfo|x64
		{06B24599-8F07-383B-AE47-FF23E20A4099}.Debug|x64.ActiveCfg = Debug|x64
		{06B24599-8F07-383B-AE47-FF23E20A4099}.Debug|x64.Build.0 = Debug|x64
		{06B24599-8F07-383B-AE47-FF23E20A4099}.Release|x64.ActiveCfg = Release|x64
		{06B24599-8F07-383B-AE47-FF23E20A4099}.Release|x64.Build.0 = Release|x64
		{06B24599-8F07-383B-AE47-FF23E20A4099}.MinSizeRel|x64.ActiveCfg = MinSizeRel|x64
		{06B24599-8F07-383B-AE47-FF23E20A4099}.MinSizeRel|x64.Build.0 = MinSizeRel|x64
		{06B24599-8F07-383B-AE47-FF23E20A4099}.RelWithDebInfo|x64.ActiveCfg = RelWithDebInfo|x64
		{06B24599-8F07-383B-AE47-FF23E20A4099}.RelWithDebInfo|x64.Build.0 = RelWithDebInfo|x64
		{2C99D540-0B91-3DF7-A32A-992F2FC7B70E}.Debug|x64.ActiveCfg = Debug|x64
		{2C99D540-0B91-3DF7-A32A-992F2FC7B70E}.Debug|x64.Build.0 = Debug|x64
		{2C99D540-0B91-3DF7-A32A-992F2FC7B70E}.Release|x64.ActiveCfg = Release|x64
		{2C99D540-0B91-3DF7-A32A-992F2FC7B70E}.Release|x64.Build.0 = Release|x64
		{2C99D540-0B91-3DF7-A32A-992F2FC7B70E}.MinSizeRel|x64.ActiveCfg = MinSizeRel|x64
		{2C99D540-0B91-3DF7-A32A-992F2FC7B70E}.MinSizeRel|x64.Build.0 = MinSizeRel|x64
		{2C99D540-0B91-3DF7-A32A-992F2FC7B70E}.RelWithDebInfo|x64.ActiveCfg = RelWithDebInfo|x64
		{2C99D540-0B91-3DF7-A32A-992F2FC7B70E}.RelWithDebInfo|x64.Build.0 = RelWithDebInfo|x64
		{77F44CBE-F9A1-35A0-828D-4B1B5000FD37}.Debug|x64.ActiveCfg = Debug|x64
		{77F44CBE-F9A1-35A0-828D-4B1B5000FD37}.Debug|x64.Build.0 = Debug|x64
		{77F44CBE-F9A1-35A0-828D-4B1B5000FD37}.Release|x64.ActiveCfg = Release|x64
		{77F44CBE-F9A1-35A0-828D-4B1B5000FD37}.Release|x64.Build.0 = Release|x64
		{77F44CBE-F9A1-35A0-828D-4B1B5000FD37}.MinSizeRel|x64.ActiveCfg = MinSizeRel|x64
		{77F44CBE-F9A1-35A0-828D-4B1B5000FD37}.MinSizeRel|x64.Build.0 = MinSizeRel|x64
		{77F44CBE-F9A1-35A0-828D-4B1B5000FD37}.RelWithDebInfo|x64.ActiveCfg = RelWithDebInfo|x64
		{77F44CBE-F9A1-35A0-828D-4B1B5000FD37}.RelWithDebInfo|x64.Build.0 = RelWithDebInfo|x64
		{F8BD35A8-610C-3A51-8B3B-3AA4A6530B54}.Debug|x64.ActiveCfg = Debug|x64
		{F8BD35A8-610C-3A51-8B3B-3AA4A6530B54}.Debug|x64.Build.0 = Debug|x64
		{F8BD35A8-610C-3A51-8B3B-3AA4A6530B54}.Release|x64.ActiveCfg = Release|x64
		{F8BD35A8-610C-3A51-8B3B-3AA4A6530B54}.Release|x64.Build.0 = Release|x64
		{F8BD35A8-610C-3A51-8B3B-3AA4A6530B54}.MinSizeRel|x64.ActiveCfg = MinSizeRel|x64
		{F8BD35A8-610C-3A51-8B3B-3AA4A6530B54}.MinSizeRel|x64.Build.0 = MinSizeRel|x64
		{F8BD35A8-610C-3A51-8B3B-3AA4A6530B54}.RelWithDebInfo|x64.ActiveCfg = RelWithDebInfo|x64
		{F8BD35A8-610C-3A51-8B3B-3AA4A6530B54}.RelWithDebInfo|x64.Build.0 = RelWithDebInfo|x64
	EndGlobalSection
	GlobalSection(NestedProjects) = preSolution
		{20957F3D-BF03-33F5-8982-1CEE9A487D80} = {A4B74ECA-B331-3DD3-837A-0EB618B6D639}
		{0EA7CDEA-17E7-3FC7-AE44-4ED316EBD72F} = {A4B74ECA-B331-3DD3-837A-0EB618B6D639}
		{E5ED3E61-EEA9-3EE3-8E00-7CE489CCD306} = {A4B74ECA-B331-3DD3-837A-0EB618B6D639}
		{452F620F-B29F-306B-A297-9C8B6B80ED25} = {A4B74ECA-B331-3DD3-837A-0EB618B6D639}
		{77F44CBE-F9A1-35A0-828D-4B1B5000FD37} = {A4B74ECA-B331-3DD3-837A-0EB618B6D639}
		{DE66CD58-25F1-34E5-A761-427CE2B57D14} = {FCB3BCBF-36F0-3B28-8B15-CBCA6B105B7C}
		{2C99D540-0B91-3DF7-A32A-992F2FC7B70E} = {FCB3BCBF-36F0-3B28-8B15-CBCA6B105B7C}
		{677BD7F6-897D-3618-B74D-37134A2AF221} = {B88F943D-C0D7-3A0F-ABA9-4A3F1B330A8B}
		{2C6E6892-B103-35A3-B34D-4E65CE0E0CFB} = {B88F943D-C0D7-3A0F-ABA9-4A3F1B330A8B}
		{CAA34B22-FA3A-35AF-BAEF-C623E7AF461F} = {B88F943D-C0D7-3A0F-ABA9-4A3F1B330A8B}
		{968AC264-5F1B-3247-B04E-18418C95B98B} = {B88F943D-C0D7-3A0F-ABA9-4A3F1B330A8B}
		{CBD9C69A-B182-3867-A4BC-11493F7B881A} = {04548A41-062A-38FB-B2B0-B6696A48E941}
		{8FC95B26-0A42-361F-8A23-920F537C3F13} = {04548A41-062A-38FB-B2B0-B6696A48E941}
		{0DAF1F73-B0F0-31A4-857B-C5289D3EE865} = {04548A41-062A-38FB-B2B0-B6696A48E941}
		{5BC279FC-3AC7-33AD-BF16-85AC65DDF8A1} = {04548A41-062A-38FB-B2B0-B6696A48E941}
		{20EC4283-6FA0-354E-9F86-84104E97209D} = {04548A41-062A-38FB-B2B0-B6696A48E941}
		{F2BE9B2E-60EE-3BB2-97B2-01440691F17C} = {04548A41-062A-38FB-B2B0-B6696A48E941}
		{06B24599-8F07-383B-AE47-FF23E20A4099} = {04548A41-062A-38FB-B2B0-B6696A48E941}
		{F8BD35A8-610C-3A51-8B3B-3AA4A6530B54} = {04548A41-062A-38FB-B2B0-B6696A48E941}
	EndGlobalSection
	GlobalSection(ExtensibilityGlobals) = postSolution
		SolutionGuid = {1E667386-7CD5-355A-802B-F9F000DA2A7F}
	EndGlobalSection
	GlobalSection(ExtensibilityAddIns) = postSolution
	EndGlobalSection
EndGlobal
